
Microsoft Visual Studio Solution File, Format Version 12.00
# Visual Studio Version 16
VisualStudioVersion = 16.0.30503.244
MinimumVisualStudioVersion = 10.0.40219.1
Project("{9A19103F-16F7-4668-BE54-9A1E7A4F7556}") = "nextech-news-api", "nextech-news-api\nextech-news-api.csproj", "{A06C61B1-D696-4D96-BD32-06DFF4052BB1}"
EndProject
Project("{9A19103F-16F7-4668-BE54-9A1E7A4F7556}") = "Models", "Models\Models.csproj", "{08D0C923-FC99-47A6-B872-B5A4FA7B38DE}"
EndProject
Project("{9A19103F-16F7-4668-BE54-9A1E7A4F7556}") = "WebClients", "WebClients\WebClients.csproj", "{3F2359B3-B212-4BDC-B32D-56B13C6ADFE9}"
EndProject
Project("{FAE04EC0-301F-11D3-BF4B-00C04F79EFBC}") = "UnitTests", "UnitTests\UnitTests.csproj", "{E7B91327-1E14-4882-AC76-DB4ECA043DB3}"
EndProject
Global
	GlobalSection(SolutionConfigurationPlatforms) = preSolution
		Debug|Any CPU = Debug|Any CPU
		Release|Any CPU = Release|Any CPU
	EndGlobalSection
	GlobalSection(ProjectConfigurationPlatforms) = postSolution
		{A06C61B1-D696-4D96-BD32-06DFF4052BB1}.Debug|Any CPU.ActiveCfg = Debug|Any CPU
		{A06C61B1-D696-4D96-BD32-06DFF4052BB1}.Debug|Any CPU.Build.0 = Debug|Any CPU
		{A06C61B1-D696-4D96-BD32-06DFF4052BB1}.Release|Any CPU.ActiveCfg = Release|Any CPU
		{A06C61B1-D696-4D96-BD32-06DFF4052BB1}.Release|Any CPU.Build.0 = Release|Any CPU
		{08D0C923-FC99-47A6-B872-B5A4FA7B38DE}.Debug|Any CPU.ActiveCfg = Debug|Any CPU
		{08D0C923-FC99-47A6-B872-B5A4FA7B38DE}.Debug|Any CPU.Build.0 = Debug|Any CPU
		{08D0C923-FC99-47A6-B872-B5A4FA7B38DE}.Release|Any CPU.ActiveCfg = Release|Any CPU
		{08D0C923-FC99-47A6-B872-B5A4FA7B38DE}.Release|Any CPU.Build.0 = Release|Any CPU
		{3F2359B3-B212-4BDC-B32D-56B13C6ADFE9}.Debug|Any CPU.ActiveCfg = Debug|Any CPU
		{3F2359B3-B212-4BDC-B32D-56B13C6ADFE9}.Debug|Any CPU.Build.0 = Debug|Any CPU
		{3F2359B3-B212-4BDC-B32D-56B13C6ADFE9}.Release|Any CPU.ActiveCfg = Release|Any CPU
		{3F2359B3-B212-4BDC-B32D-56B13C6ADFE9}.Release|Any CPU.Build.0 = Release|Any CPU
		{E7B91327-1E14-4882-AC76-DB4ECA043DB3}.Debug|Any CPU.ActiveCfg = Debug|Any CPU
		{E7B91327-1E14-4882-AC76-DB4ECA043DB3}.Debug|Any CPU.Build.0 = Debug|Any CPU
		{E7B91327-1E14-4882-AC76-DB4ECA043DB3}.Release|Any CPU.ActiveCfg = Release|Any CPU
		{E7B91327-1E14-4882-AC76-DB4ECA043DB3}.Release|Any CPU.Build.0 = Release|Any CPU
	EndGlobalSection
	GlobalSection(SolutionProperties) = preSolution
		HideSolutionNode = FALSE
	EndGlobalSection
	GlobalSection(ExtensibilityGlobals) = postSolution
		SolutionGuid = {CC55056C-E573-4AB4-89DF-3C6E5DDD07FF}
	EndGlobalSection
EndGlobal
